
Microsoft Visual Studio Solution File, Format Version 12.00
# Visual Studio Version 17
VisualStudioVersion = 17.14.36908.2 d17.14
MinimumVisualStudioVersion = 10.0.40219.1
Project("{FAE04EC0-301F-11D3-BF4B-00C04F79EFBC}") = "ExaminationApi", "ExaminationApi\ExaminationApi.csproj", "{4D34BFA5-357D-48CB-9CE2-3F4C88EE2F54}"
EndProject
Global
	GlobalSection(SolutionConfigurationPlatforms) = preSolution
		Debug|Any CPU = Debug|Any CPU
		Release|Any CPU = Release|Any CPU
	EndGlobalSection
	GlobalSection(ProjectConfigurationPlatforms) = postSolution
		{4D34BFA5-357D-48CB-9CE2-3F4C88EE2F54}.Debug|Any CPU.ActiveCfg = Debug|Any CPU
		{4D34BFA5-357D-48CB-9CE2-3F4C88EE2F54}.Debug|Any CPU.Build.0 = Debug|Any CPU
		{4D34BFA5-357D-48CB-9CE2-3F4C88EE2F54}.Release|Any CPU.ActiveCfg = Release|Any CPU
		{4D34BFA5-357D-48CB-9CE2-3F4C88EE2F54}.Release|Any CPU.Build.0 = Release|Any CPU
	EndGlobalSection
	GlobalSection(SolutionProperties) = preSolution
		HideSolutionNode = FALSE
	EndGlobalSection
	GlobalSection(ExtensibilityGlobals) = postSolution
		SolutionGuid = {6448A888-B6B3-4F56-9D45-B88FC0F103BF}
	EndGlobalSection
EndGlobal
